
Microsoft Visual Studio Solution File, Format Version 12.00
# Visual Studio Version 16
VisualStudioVersion = 16.0.30804.86
MinimumVisualStudioVersion = 10.0.40219.1
Project("{8BC9CEB8-8B4A-11D0-8D11-00A0C91BC942}") = "Lab1_Lebedeva", "Lab1_Lebedeva\Lab1_Lebedeva.vcxproj", "{37BAD189-07DE-437A-85A4-F1942917E6FD}"
EndProject
Project("{FAE04EC0-301F-11D3-BF4B-00C04F79EFBC}") = "LAB1", "LAB1\LAB1.csproj", "{450D8DCA-5851-424D-BED4-83709AA2DBEC}"
EndProject
Global
	GlobalSection(SolutionConfigurationPlatforms) = preSolution
		Debug|Any CPU = Debug|Any CPU
		Debug|x64 = Debug|x64
		Debug|x86 = Debug|x86
		Release|Any CPU = Release|Any CPU
		Release|x64 = Release|x64
		Release|x86 = Release|x86
	EndGlobalSection
	GlobalSection(ProjectConfigurationPlatforms) = postSolution
		{37BAD189-07DE-437A-85A4-F1942917E6FD}.Debug|Any CPU.ActiveCfg = Debug|Win32
		{37BAD189-07DE-437A-85A4-F1942917E6FD}.Debug|x64.ActiveCfg = Debug|x64
		{37BAD189-07DE-437A-85A4-F1942917E6FD}.Debug|x64.Build.0 = Debug|x64
		{37BAD189-07DE-437A-85A4-F1942917E6FD}.Debug|x86.ActiveCfg = Debug|Win32
		{37BAD189-07DE-437A-85A4-F1942917E6FD}.Debug|x86.Build.0 = Debug|Win32
		{37BAD189-07DE-437A-85A4-F1942917E6FD}.Release|Any CPU.ActiveCfg = Release|Win32
		{37BAD189-07DE-437A-85A4-F1942917E6FD}.Release|x64.ActiveCfg = Release|x64
		{37BAD189-07DE-437A-85A4-F1942917E6FD}.Release|x64.Build.0 = Release|x64
		{37BAD189-07DE-437A-85A4-F1942917E6FD}.Release|x86.ActiveCfg = Release|Win32
		{37BAD189-07DE-437A-85A4-F1942917E6FD}.Release|x86.Build.0 = Release|Win32
		{450D8DCA-5851-424D-BED4-83709AA2DBEC}.Debug|Any CPU.ActiveCfg = Debug|Any CPU
		{450D8DCA-5851-424D-BED4-83709AA2DBEC}.Debug|Any CPU.Build.0 = Debug|Any CPU
		{450D8DCA-5851-424D-BED4-83709AA2DBEC}.Debug|x64.ActiveCfg = Debug|Any CPU
		{450D8DCA-5851-424D-BED4-83709AA2DBEC}.Debug|x64.Build.0 = Debug|Any CPU
		{450D8DCA-5851-424D-BED4-83709AA2DBEC}.Debug|x86.ActiveCfg = Debug|Any CPU
		{450D8DCA-5851-424D-BED4-83709AA2DBEC}.Debug|x86.Build.0 = Debug|Any CPU
		{450D8DCA-5851-424D-BED4-83709AA2DBEC}.Release|Any CPU.ActiveCfg = Release|Any CPU
		{450D8DCA-5851-424D-BED4-83709AA2DBEC}.Release|Any CPU.Build.0 = Release|Any CPU
		{450D8DCA-5851-424D-BED4-83709AA2DBEC}.Release|x64.ActiveCfg = Release|Any CPU
		{450D8DCA-5851-424D-BED4-83709AA2DBEC}.Release|x64.Build.0 = Release|Any CPU
		{450D8DCA-5851-424D-BED4-83709AA2DBEC}.Release|x86.ActiveCfg = Release|Any CPU
		{450D8DCA-5851-424D-BED4-83709AA2DBEC}.Release|x86.Build.0 = Release|Any CPU
	EndGlobalSection
	GlobalSection(SolutionProperties) = preSolution
		HideSolutionNode = FALSE
	EndGlobalSection
	GlobalSection(ExtensibilityGlobals) = postSolution
		SolutionGuid = {ED6E5C85-F02A-4F6C-A638-29D0656D74E3}
	EndGlobalSection
EndGlobal
